
Microsoft Visual Studio Solution File, Format Version 12.00
# Visual Studio 2013
VisualStudioVersion = 12.0.30723.0
MinimumVisualStudioVersion = 10.0.40219.1
Project("{FAE04EC0-301F-11D3-BF4B-00C04F79EFBC}") = "ChatManager", "ChatManager\ChatManager.csproj", "{9998E6F1-9477-4A00-83EA-8790BDFF5BB0}"
EndProject
Project("{FAE04EC0-301F-11D3-BF4B-00C04F79EFBC}") = "runner", "runner\runner.csproj", "{957233C7-6169-4CF4-82B7-0342B13799F5}"
EndProject
Global
	GlobalSection(SolutionConfigurationPlatforms) = preSolution
		Debug|Any CPU = Debug|Any CPU
		Release|Any CPU = Release|Any CPU
	EndGlobalSection
	GlobalSection(ProjectConfigurationPlatforms) = postSolution
		{9998E6F1-9477-4A00-83EA-8790BDFF5BB0}.Debug|Any CPU.ActiveCfg = Debug|Any CPU
		{9998E6F1-9477-4A00-83EA-8790BDFF5BB0}.Debug|Any CPU.Build.0 = Debug|Any CPU
		{9998E6F1-9477-4A00-83EA-8790BDFF5BB0}.Release|Any CPU.ActiveCfg = Release|Any CPU
		{9998E6F1-9477-4A00-83EA-8790BDFF5BB0}.Release|Any CPU.Build.0 = Release|Any CPU
		{957233C7-6169-4CF4-82B7-0342B13799F5}.Debug|Any CPU.ActiveCfg = Debug|Any CPU
		{957233C7-6169-4CF4-82B7-0342B13799F5}.Debug|Any CPU.Build.0 = Debug|Any CPU
		{957233C7-6169-4CF4-82B7-0342B13799F5}.Release|Any CPU.ActiveCfg = Release|Any CPU
		{957233C7-6169-4CF4-82B7-0342B13799F5}.Release|Any CPU.Build.0 = Release|Any CPU
	EndGlobalSection
	GlobalSection(SolutionProperties) = preSolution
		HideSolutionNode = FALSE
	EndGlobalSection
EndGlobal
